PODS:
  - AFNetworking (2.2.3):
    - AFNetworking/NSURLConnection
    - AFNetworking/NSURLSession
    - AFNetworking/Reachability
    - AFNetworking/Security
    - AFNetworking/Serialization
    - AFNetworking/UIKit
  - AFNetworking/NSURLConnection (2.2.3):
    - AFNetworking/Reachability
    - AFNetworking/Security
    - AFNetworking/Serialization
  - AFNetworking/NSURLSession (2.2.3):
    - AFNetworking/NSURLConnection
  - AFNetworking/Reachability (2.2.3)
  - AFNetworking/Security (2.2.3)
  - AFNetworking/Serialization (2.2.3)
  - AFNetworking/UIKit (2.2.3):
    - AFNetworking/NSURLConnection
    - AFNetworking/NSURLSession
  - Facebook-iOS-SDK (3.13.1)
  - MagicalRecord (2.2):
    - MagicalRecord/Core
  - MagicalRecord/Core (2.2)
  - NSLogger (1.2)
  - Parse (1.2.19):
    - Facebook-iOS-SDK (~> 3.11)
  - Reachability (3.1.1)
  - Reveal-iOS-SDK (1.0.3)
  - Weibo (2.4.2)

DEPENDENCIES:
  - AFNetworking
  - Facebook-iOS-SDK
  - MagicalRecord
  - NSLogger
  - Parse
  - Reachability
  - Reveal-iOS-SDK
  - Weibo

SPEC CHECKSUMS:
  AFNetworking: ae513199cca79e9d7af2708ccabe2ed075550c42
  Facebook-iOS-SDK: 47ae9e54684c84f93d75d4e6ab47cd031abdf406
  MagicalRecord: 95d49d74ef752cd52f6ad87bcb474817fc3978cf
  NSLogger: 9607fdeafd0b09922c69615f99f127de45971b8f
  Parse: 3739f0b211c49115bad96d6b0969b804d4da2f24
  Reachability: be4883bb93f31e38266ae3365e5600a317aae735
  Reveal-iOS-SDK: 8e6a6f22a9520437e4a180fe1d4e99f43b75430e
  Weibo: 6a997663c8022500eb30ee93d42c67f85149e372

COCOAPODS: 0.32.1
